# This file is generated by running "yarn install" inside your project.
# Manual changes might be lost - proceed with caution!

__metadata:
  version: 8
  cacheKey: 10c0

"@exodus/schemasafe@npm:^1.0.0-rc.2":
  version: 1.0.0-rc.3
  resolution: "@exodus/schemasafe@npm:1.0.0-rc.3"
  checksum: 10c0/b53579bc82b2f099df38860e53bb09fd9dc300d4da37c3d61c3cff755fd2a5c95c49eb754216423c213ad3b39d014b1303342f0e0f01b68cde01c728b9d0d402
  languageName: node
  linkType: hard

"@types/node@npm:^16.4.6":
  version: 16.4.6
  resolution: "@types/node@npm:16.4.6"
  checksum: 10c0/645044d725c28e2f2978e776f6aae2ce937dd68afc431b8c5764a0ff070dfcccb4424aef2fdc69ff6f3f46c3671b074d7783619560876ee0c2d5207856f4905d
  languageName: node
  linkType: hard

"@types/swagger-schema-official@npm:2.0.21":
  version: 2.0.21
  resolution: "@types/swagger-schema-official@npm:2.0.21"
  checksum: 10c0/3c0e257cb4a5cead8f2e09f3552cdfdedec70fb1451bfbffbd43d93dba6e9c9813a3432f3ff3cababc2023163430c90123e889a7fd94b53ecbdd8790666ffa25
  languageName: node
  linkType: hard

"ansi-regex@npm:^5.0.0":
  version: 5.0.0
  resolution: "ansi-regex@npm:5.0.0"
  checksum: 10c0/4c711eeec7ab00c1869e926ae78758abd10137047cbb08b6fda499be2dc39c2d5f21e15c7279dbb222de523b53834b54043d4997191f62372d5e2250edcbc83a
  languageName: node
  linkType: hard

"ansi-styles@npm:^4.0.0":
  version: 4.3.0
  resolution: "ansi-styles@npm:4.3.0"
  dependencies:
    color-convert: "npm:^2.0.1"
  checksum: 10c0/895a23929da416f2bd3de7e9cb4eabd340949328ab85ddd6e484a637d8f6820d485f53933446f5291c3b760cbc488beb8e88573dd0f9c7daf83dccc8fe81b041
  languageName: node
  linkType: hard

"argparse@npm:^2.0.1":
  version: 2.0.1
  resolution: "argparse@npm:2.0.1"
  checksum: 10c0/c5640c2d89045371c7cedd6a70212a04e360fd34d6edeae32f6952c63949e3525ea77dbec0289d8213a99bbaeab5abfa860b5c12cf88a2e6cf8106e90dd27a7e
  languageName: node
  linkType: hard

"axios@npm:^0.21.1":
  version: 0.21.1
  resolution: "axios@npm:0.21.1"
  dependencies:
    follow-redirects: "npm:^1.10.0"
  checksum: 10c0/8633cce2dbe64acdfb82a73ba9c916e4d30eff00cb5ac697be859af9446843944cc663c4aafac1da6a43328aeb6fe778a372841fda27e2af44cdd36dba83b2a4
  languageName: node
  linkType: hard

"call-me-maybe@npm:^1.0.1":
  version: 1.0.1
  resolution: "call-me-maybe@npm:1.0.1"
  checksum: 10c0/551991433adc2d257d24a5dea5049addc75b182cc7f64860d41bb5ec2c2f1f72efcd6f34be475e70bbb62fde9f9ba380c1a52c922daf2b4111f25fee2509550f
  languageName: node
  linkType: hard

"cliui@npm:^7.0.2":
  version: 7.0.4
  resolution: "cliui@npm:7.0.4"
  dependencies:
    string-width: "npm:^4.2.0"
    strip-ansi: "npm:^6.0.0"
    wrap-ansi: "npm:^7.0.0"
  checksum: 10c0/6035f5daf7383470cef82b3d3db00bec70afb3423538c50394386ffbbab135e26c3689c41791f911fa71b62d13d3863c712fdd70f0fbdffd938a1e6fd09aac00
  languageName: node
  linkType: hard

"color-convert@npm:^2.0.1":
  version: 2.0.1
  resolution: "color-convert@npm:2.0.1"
  dependencies:
    color-name: "npm:~1.1.4"
  checksum: 10c0/37e1150172f2e311fe1b2df62c6293a342ee7380da7b9cfdba67ea539909afbd74da27033208d01d6d5cfc65ee7868a22e18d7e7648e004425441c0f8a15a7d7
  languageName: node
  linkType: hard

"color-name@npm:~1.1.4":
  version: 1.1.4
  resolution: "color-name@npm:1.1.4"
  checksum: 10c0/a1a3f914156960902f46f7f56bc62effc6c94e84b2cae157a526b1c1f74b677a47ec602bf68a61abfa2b42d15b7c5651c6dbe72a43af720bc588dff885b10f95
  languageName: node
  linkType: hard

"commander@npm:^6.2.1":
  version: 6.2.1
  resolution: "commander@npm:6.2.1"
  checksum: 10c0/85748abd9d18c8bc88febed58b98f66b7c591d9b5017cad459565761d7b29ca13b7783ea2ee5ce84bf235897333706c4ce29adf1ce15c8252780e7000e2ce9ea
  languageName: node
  linkType: hard

"emoji-regex@npm:^8.0.0":
  version: 8.0.0
  resolution: "emoji-regex@npm:8.0.0"
  checksum: 10c0/b6053ad39951c4cf338f9092d7bfba448cdfd46fe6a2a034700b149ac9ffbc137e361cbd3c442297f86bed2e5f7576c1b54cc0a6bf8ef5106cc62f496af35010
  languageName: node
  linkType: hard

"epdo-models@workspace:.":
  version: 0.0.0-use.local
  resolution: "epdo-models@workspace:."
  dependencies:
    "@types/node": "npm:^16.4.6"
    swagger-typescript-api: "npm:^9.2.0"
    typescript: "npm:4.3.5"
  languageName: unknown
  linkType: soft

"es6-promise@npm:^3.2.1":
  version: 3.3.1
  resolution: "es6-promise@npm:3.3.1"
  checksum: 10c0/b4fc87cb8509c001f62f860f97b05d1fd3f87220c8b832578e6a483c719ca272b73a77f2231cb26395fa865e1cab2fd4298ab67786b69e97b8d757b938f4fc1f
  languageName: node
  linkType: hard

"escalade@npm:^3.1.1":
  version: 3.1.1
  resolution: "escalade@npm:3.1.1"
  checksum: 10c0/afd02e6ca91ffa813e1108b5e7756566173d6bc0d1eb951cb44d6b21702ec17c1cf116cfe75d4a2b02e05acb0b808a7a9387d0d1ca5cf9c04ad03a8445c3e46d
  languageName: node
  linkType: hard

"eta@npm:^1.12.1":
  version: 1.12.3
  resolution: "eta@npm:1.12.3"
  checksum: 10c0/7ee0ab1339d52494929af71f29a330cc319ab01b39e731064ab664145231281a6fae601ff6501ed5bce30db04d779f8822b677c57d65fdb6626ce9c230b9cee4
  languageName: node
  linkType: hard

"fast-safe-stringify@npm:^2.0.7":
  version: 2.0.8
  resolution: "fast-safe-stringify@npm:2.0.8"
  checksum: 10c0/e10cede1a31b09226b0bbe334a62edd81ab5deaf6044ad59213ea3c814d150850a1004b8002cf7e72ee7f52dc6c6e26097e560dbd900b0882be264cd7ddd45dc
  languageName: node
  linkType: hard

"follow-redirects@npm:^1.10.0":
  version: 1.14.1
  resolution: "follow-redirects@npm:1.14.1"
  peerDependenciesMeta:
    debug:
      optional: true
  checksum: 10c0/c5a5c176356a88d35300198ed131963444c179a4fc85b3bca4fe5c36cc1eccb64944c801f74c4b0098c59b1d5a49114f80b5ae3e58244045cca7fc46f49cf1c6
  languageName: node
  linkType: hard

"get-caller-file@npm:^2.0.5":
  version: 2.0.5
  resolution: "get-caller-file@npm:2.0.5"
  checksum: 10c0/c6c7b60271931fa752aeb92f2b47e355eac1af3a2673f47c9589e8f8a41adc74d45551c1bc57b5e66a80609f10ffb72b6f575e4370d61cc3f7f3aaff01757cde
  languageName: node
  linkType: hard

"http2-client@npm:^1.2.5":
  version: 1.3.5
  resolution: "http2-client@npm:1.3.5"
  checksum: 10c0/4974f10f5c8b5b7b9e23771190471d02690e9a22c22e028d84715b7ecdcda05017fc9e565476558da3bdf0ba642d24186a94818d0b9afee706ccf9874034be73
  languageName: node
  linkType: hard

"is-fullwidth-code-point@npm:^3.0.0":
  version: 3.0.0
  resolution: "is-fullwidth-code-point@npm:3.0.0"
  checksum: 10c0/bb11d825e049f38e04c06373a8d72782eee0205bda9d908cc550ccb3c59b99d750ff9537982e01733c1c94a58e35400661f57042158ff5e8f3e90cf936daf0fc
  languageName: node
  linkType: hard

"js-yaml@npm:^4.0.0":
  version: 4.1.0
  resolution: "js-yaml@npm:4.1.0"
  dependencies:
    argparse: "npm:^2.0.1"
  bin:
    js-yaml: bin/js-yaml.js
  checksum: 10c0/184a24b4eaacfce40ad9074c64fd42ac83cf74d8c8cd137718d456ced75051229e5061b8633c3366b8aada17945a7a356b337828c19da92b51ae62126575018f
  languageName: node
  linkType: hard

"lodash.toarray@npm:^4.4.0":
  version: 4.4.0
  resolution: "lodash.toarray@npm:4.4.0"
  checksum: 10c0/6ad3042f85f8a29e03b54547ab34aa811aa9478dea3086f3e4b1486c23a2bb28b25e8869df85187b1e12a2a6327dc5f738809a8ff28f1286d1ade96c796394bf
  languageName: node
  linkType: hard

"lodash@npm:^4.17.21":
  version: 4.17.21
  resolution: "lodash@npm:4.17.21"
  checksum: 10c0/d8cbea072bb08655bb4c989da418994b073a608dffa608b09ac04b43a791b12aeae7cd7ad919aa4c925f33b48490b5cfe6c1f71d827956071dae2e7bb3a6b74c
  languageName: node
  linkType: hard

"make-dir@npm:^3.1.0":
  version: 3.1.0
  resolution: "make-dir@npm:3.1.0"
  dependencies:
    semver: "npm:^6.0.0"
  checksum: 10c0/56aaafefc49c2dfef02c5c95f9b196c4eb6988040cf2c712185c7fe5c99b4091591a7fc4d4eafaaefa70ff763a26f6ab8c3ff60b9e75ea19876f49b18667ecaa
  languageName: node
  linkType: hard

"nanoid@npm:^3.1.22":
  version: 3.1.23
  resolution: "nanoid@npm:3.1.23"
  bin:
    nanoid: bin/nanoid.cjs
  checksum: 10c0/a3207f946e2db59f8095118d5c57615f217e7f8a743bdb83212e222bd263516dbd83db226675d9b8634ed928ff2019db96ca06825a391af4256b02f7bec4b443
  languageName: node
  linkType: hard

"node-emoji@npm:^1.10.0":
  version: 1.10.0
  resolution: "node-emoji@npm:1.10.0"
  dependencies:
    lodash.toarray: "npm:^4.4.0"
  checksum: 10c0/4e86ce606e20e1f5c6c729600af7bd22a0046a01185e11262a2619d57471addcbeb3ee8e76f3aa32febef80410333b48088c2fa445fed9537183f5e7542b96de
  languageName: node
  linkType: hard

"node-fetch-h2@npm:^2.3.0":
  version: 2.3.0
  resolution: "node-fetch-h2@npm:2.3.0"
  dependencies:
    http2-client: "npm:^1.2.5"
  checksum: 10c0/10f117c5aa1d475fff05028dddd617a61606083e4d6c4195dd5f5b03c973182e0d125e804771e6888d04f7d92b5c9c27a6149d1beedd6af1e0744f163e8a02d9
  languageName: node
  linkType: hard

"node-fetch@npm:^2.6.1":
  version: 2.6.1
  resolution: "node-fetch@npm:2.6.1"
  checksum: 10c0/c58586d121782df045681e29608f940be90c7d8c4cada29957c148cfcc5e2d81d74b690cf10ee6879ed055da7ea821450a74ff43f3bde651cf6c8a5f34a77e2a
  languageName: node
  linkType: hard

"node-readfiles@npm:^0.2.0":
  version: 0.2.0
  resolution: "node-readfiles@npm:0.2.0"
  dependencies:
    es6-promise: "npm:^3.2.1"
  checksum: 10c0/9de2f741baae29f2422b22ef4399b5f7cb6c20372d4e88447a98d00a92cf1a35efdf942d24eee153a87d885aa7e7442b4bc6de33d4b91c47ba9da501780c76a1
  languageName: node
  linkType: hard

"oas-kit-common@npm:^1.0.8":
  version: 1.0.8
  resolution: "oas-kit-common@npm:1.0.8"
  dependencies:
    fast-safe-stringify: "npm:^2.0.7"
  checksum: 10c0/5619a0bd19a07b52af1afeff26e44601002c0fd558d0020fdb720cb3723b60c83b80efede3a62110ce315f15b971751fb46396760e0e507fb8fd412cdc3808dd
  languageName: node
  linkType: hard

"oas-linter@npm:^3.2.2":
  version: 3.2.2
  resolution: "oas-linter@npm:3.2.2"
  dependencies:
    "@exodus/schemasafe": "npm:^1.0.0-rc.2"
    should: "npm:^13.2.1"
    yaml: "npm:^1.10.0"
  checksum: 10c0/5a8ea3d8a0bf185b676659d1e1c0b9b50695aeff53ccd5c264c8e99b4a7c0021f802b937913d76f0bc1a6a2b8ae151df764d95302b0829063b9b26f8c436871c
  languageName: node
  linkType: hard

"oas-resolver@npm:^2.5.6":
  version: 2.5.6
  resolution: "oas-resolver@npm:2.5.6"
  dependencies:
    node-fetch-h2: "npm:^2.3.0"
    oas-kit-common: "npm:^1.0.8"
    reftools: "npm:^1.1.9"
    yaml: "npm:^1.10.0"
    yargs: "npm:^17.0.1"
  bin:
    resolve: resolve.js
  checksum: 10c0/cfba5ba3f7ea6673a840836cf194a80ba7f77e6d1ee005aa35cc838cad56d7e455fa53753ae7cc38810c96405b8606e675098ea7023639cf546cb10343f180f9
  languageName: node
  linkType: hard

"oas-schema-walker@npm:^1.1.5":
  version: 1.1.5
  resolution: "oas-schema-walker@npm:1.1.5"
  checksum: 10c0/8ba6bd2a9a8ede2c5574f217653a9e2b889a7c5be69c664a57e293591c58952e8510f4f9e2a82fd5f52491c859ce5c2b68342e9b971e9667f6b811e7fb56fd54
  languageName: node
  linkType: hard

"oas-validator@npm:^5.0.8":
  version: 5.0.8
  resolution: "oas-validator@npm:5.0.8"
  dependencies:
    call-me-maybe: "npm:^1.0.1"
    oas-kit-common: "npm:^1.0.8"
    oas-linter: "npm:^3.2.2"
    oas-resolver: "npm:^2.5.6"
    oas-schema-walker: "npm:^1.1.5"
    reftools: "npm:^1.1.9"
    should: "npm:^13.2.1"
    yaml: "npm:^1.10.0"
  checksum: 10c0/16bb722042dcba93892c50db2201df6aeea9c3dd60e2f7bc18b36f23c610d136f52a5946908817f6fdd4139219fa4b177f952b9831039078b4c8730fa026b180
  languageName: node
  linkType: hard

"prettier@npm:^2.2.1":
  version: 2.3.2
  resolution: "prettier@npm:2.3.2"
  bin:
    prettier: bin-prettier.js
  checksum: 10c0/40f159f05808966ff4c57e147651cf038adb7f5af3fbca8d999b87ccbaeff7d73cf9038a45f667a8c18cbb049c1a980a752fa8987dfd3dcdd66e932e366f40be
  languageName: node
  linkType: hard

"reftools@npm:^1.1.9":
  version: 1.1.9
  resolution: "reftools@npm:1.1.9"
  checksum: 10c0/4b44c9e75d6e5328b43b974de08776ee1718a0b48f24e033b2699f872cc9a698234a4aa0553b9e1a766b828aeb9834e4aa988410f0279e86179edb33b270da6c
  languageName: node
  linkType: hard

"require-directory@npm:^2.1.1":
  version: 2.1.1
  resolution: "require-directory@npm:2.1.1"
  checksum: 10c0/83aa76a7bc1531f68d92c75a2ca2f54f1b01463cb566cf3fbc787d0de8be30c9dbc211d1d46be3497dac5785fe296f2dd11d531945ac29730643357978966e99
  languageName: node
  linkType: hard

"semver@npm:^6.0.0":
  version: 6.3.0
  resolution: "semver@npm:6.3.0"
  bin:
    semver: ./bin/semver.js
  checksum: 10c0/1f4959e15bcfbaf727e964a4920f9260141bb8805b399793160da4e7de128e42a7d1f79c1b7d5cd21a6073fba0d55feb9966f5fef3e5ccb8e1d7ead3d7527458
  languageName: node
  linkType: hard

"should-equal@npm:^2.0.0":
  version: 2.0.0
  resolution: "should-equal@npm:2.0.0"
  dependencies:
    should-type: "npm:^1.4.0"
  checksum: 10c0/b375e1da2586671e2b9442ac5b700af508f56438af9923f69123b1fe4e02ccddc9a8a3eb803447a6df91e616cec236c41d6f28fdaa100467f9fdb81651089538
  languageName: node
  linkType: hard

"should-format@npm:^3.0.3":
  version: 3.0.3
  resolution: "should-format@npm:3.0.3"
  dependencies:
    should-type: "npm:^1.3.0"
    should-type-adaptors: "npm:^1.0.1"
  checksum: 10c0/ef2a31148d79a3fabd0dc6c1c1b10f90d9e071ad8e1f99452bd01e8aceaca62985b43974cf8103185fa1a3ade85947c6f664e44ca9af253afd1ce93c223bd8e4
  languageName: node
  linkType: hard

"should-type-adaptors@npm:^1.0.1":
  version: 1.1.0
  resolution: "should-type-adaptors@npm:1.1.0"
  dependencies:
    should-type: "npm:^1.3.0"
    should-util: "npm:^1.0.0"
  checksum: 10c0/cf127f8807f69ace9db04dbec3f274330a854405feef9821b5fa525748961da65747869cca36c813132b98757bd3e42d53541579cb16630ccf3c0dd9c0082320
  languageName: node
  linkType: hard

"should-type@npm:^1.3.0, should-type@npm:^1.4.0":
  version: 1.4.0
  resolution: "should-type@npm:1.4.0"
  checksum: 10c0/50cb50d776ee117b151068367c09ec12ac8e6f5fe2bd4d167413972813f06e930fe8624232a56c335846d3afcb784455f9a9690baa4350b3919bd001f0c4c94b
  languageName: node
  linkType: hard

"should-util@npm:^1.0.0":
  version: 1.0.1
  resolution: "should-util@npm:1.0.1"
  checksum: 10c0/1790719e05eae9edae86e44cbbad98529bd333df3f7cdfd63ea80acb6af718990e70abbc173aa9ccb93fff5ab6ee08d38412d707ff4003840be2256a278a61f3
  languageName: node
  linkType: hard

"should@npm:^13.2.1":
  version: 13.2.3
  resolution: "should@npm:13.2.3"
  dependencies:
    should-equal: "npm:^2.0.0"
    should-format: "npm:^3.0.3"
    should-type: "npm:^1.4.0"
    should-type-adaptors: "npm:^1.0.1"
    should-util: "npm:^1.0.0"
  checksum: 10c0/99581d8615f6fb27cd23c9f431cfacef58d118a90d0cccf58775b90631a47441397cfbdcbe6379e2718e9e60f293e3dfc0e87857f4b5a36fe962814e46ab05fa
  languageName: node
  linkType: hard

"string-width@npm:^4.1.0, string-width@npm:^4.2.0":
  version: 4.2.2
  resolution: "string-width@npm:4.2.2"
  dependencies:
    emoji-regex: "npm:^8.0.0"
    is-fullwidth-code-point: "npm:^3.0.0"
    strip-ansi: "npm:^6.0.0"
  checksum: 10c0/3874075d5b9c29f4260a338bf3d8152f266a8e6cf27538fd5c89f9dee0a5148d602df5c07c1308707b8a20029aac7842aebb6f861a84e24e79b3d97531894c23
  languageName: node
  linkType: hard

"strip-ansi@npm:^6.0.0":
  version: 6.0.0
  resolution: "strip-ansi@npm:6.0.0"
  dependencies:
    ansi-regex: "npm:^5.0.0"
  checksum: 10c0/85257c80250541cc0e65088c7dc768563bdbd1bf7120471d6d3a73cdc60e8149a50038c12a6fd4a30b674587f306ae42e2cc73ac3095daf193633daa0bd8f928
  languageName: node
  linkType: hard

"swagger-schema-official@npm:2.0.0-bab6bed":
  version: 2.0.0-bab6bed
  resolution: "swagger-schema-official@npm:2.0.0-bab6bed"
  checksum: 10c0/58d1f8302aaa14fc64658b2821d70a6d06883a5270c71c210e8b6e5655ee2d7e01543383ddb2948ada368b51a22d71a9f9fcc0b903041719897f866b9c65d201
  languageName: node
  linkType: hard

"swagger-typescript-api@npm:^9.2.0":
  version: 9.2.0
  resolution: "swagger-typescript-api@npm:9.2.0"
  dependencies:
    "@types/swagger-schema-official": "npm:2.0.21"
    axios: "npm:^0.21.1"
    commander: "npm:^6.2.1"
    eta: "npm:^1.12.1"
    js-yaml: "npm:^4.0.0"
    lodash: "npm:^4.17.21"
    make-dir: "npm:^3.1.0"
    nanoid: "npm:^3.1.22"
    node-emoji: "npm:^1.10.0"
    prettier: "npm:^2.2.1"
    swagger-schema-official: "npm:2.0.0-bab6bed"
    swagger2openapi: "npm:^7.0.5"
    typescript: "npm:^4.2.4"
  bin:
    sta: index.js
    swagger-typescript-api: index.js
  checksum: 10c0/569576e959c08bfcb199dcad09275025b13930e80a7c523fc89600ad769bb0a7067a096ae471cab61c1469d84b059384ebf353988a63835e1fa5f080b462032a
  languageName: node
  linkType: hard

"swagger2openapi@npm:^7.0.5":
  version: 7.0.8
  resolution: "swagger2openapi@npm:7.0.8"
  dependencies:
    call-me-maybe: "npm:^1.0.1"
    node-fetch: "npm:^2.6.1"
    node-fetch-h2: "npm:^2.3.0"
    node-readfiles: "npm:^0.2.0"
    oas-kit-common: "npm:^1.0.8"
    oas-resolver: "npm:^2.5.6"
    oas-schema-walker: "npm:^1.1.5"
    oas-validator: "npm:^5.0.8"
    reftools: "npm:^1.1.9"
    yaml: "npm:^1.10.0"
    yargs: "npm:^17.0.1"
  bin:
    boast: boast.js
    oas-validate: oas-validate.js
    swagger2openapi: swagger2openapi.js
  checksum: 10c0/441a4d3a7d353f99395b14a0c8d6124be6390f2f8aa53336905e7314a7f80b66f5f2a40ac0dc2dbe2f7bc01f52a223a94f54a2ece345095fd3ad8ae8b03d688b
  languageName: node
  linkType: hard

"typescript@npm:4.3.5, typescript@npm:^4.2.4":
  version: 4.3.5
  resolution: "typescript@npm:4.3.5"
  bin:
    tsc: bin/tsc
    tsserver: bin/tsserver
  checksum: 10c0/7699b1635e34008eb4167ede70d475e4eaece150622e9a143de6c58b160df3c52bae00beb1cd3a836a35cb32defc4d1dc56bdfb11f7ddbebaa003e405f97ad3a
  languageName: node
  linkType: hard

"typescript@patch:typescript@npm%3A4.3.5#optional!builtin<compat/typescript>, typescript@patch:typescript@npm%3A^4.2.4#optional!builtin<compat/typescript>":
  version: 4.3.5
  resolution: "typescript@patch:typescript@npm%3A4.3.5#optional!builtin<compat/typescript>::version=4.3.5&hash=dba6d9"
  bin:
    tsc: bin/tsc
    tsserver: bin/tsserver
  checksum: 10c0/8991b4a568bd5a9dab8fa470b5e51368f588e46aebde3a773d9c993ef83e8a1ec0832deae4496d2c788a23c400471117d60b8f9607578ae79779cb3f379308ae
  languageName: node
  linkType: hard

"wrap-ansi@npm:^7.0.0":
  version: 7.0.0
  resolution: "wrap-ansi@npm:7.0.0"
  dependencies:
    ansi-styles: "npm:^4.0.0"
    string-width: "npm:^4.1.0"
    strip-ansi: "npm:^6.0.0"
  checksum: 10c0/d15fc12c11e4cbc4044a552129ebc75ee3f57aa9c1958373a4db0292d72282f54373b536103987a4a7594db1ef6a4f10acf92978f79b98c49306a4b58c77d4da
  languageName: node
  linkType: hard

"y18n@npm:^5.0.5":
  version: 5.0.8
  resolution: "y18n@npm:5.0.8"
  checksum: 10c0/4df2842c36e468590c3691c894bc9cdbac41f520566e76e24f59401ba7d8b4811eb1e34524d57e54bc6d864bcb66baab7ffd9ca42bf1eda596618f9162b91249
  languageName: node
  linkType: hard

"yaml@npm:^1.10.0":
  version: 1.10.2
  resolution: "yaml@npm:1.10.2"
  checksum: 10c0/5c28b9eb7adc46544f28d9a8d20c5b3cb1215a886609a2fd41f51628d8aaa5878ccd628b755dbcd29f6bb4921bd04ffbc6dcc370689bb96e594e2f9813d2605f
  languageName: node
  linkType: hard

"yargs-parser@npm:^20.2.2":
  version: 20.2.9
  resolution: "yargs-parser@npm:20.2.9"
  checksum: 10c0/0685a8e58bbfb57fab6aefe03c6da904a59769bd803a722bb098bd5b0f29d274a1357762c7258fb487512811b8063fb5d2824a3415a0a4540598335b3b086c72
  languageName: node
  linkType: hard

"yargs@npm:^17.0.1":
  version: 17.0.1
  resolution: "yargs@npm:17.0.1"
  dependencies:
    cliui: "npm:^7.0.2"
    escalade: "npm:^3.1.1"
    get-caller-file: "npm:^2.0.5"
    require-directory: "npm:^2.1.1"
    string-width: "npm:^4.2.0"
    y18n: "npm:^5.0.5"
    yargs-parser: "npm:^20.2.2"
  checksum: 10c0/3eb39d6dd477331826ef0a4732e05777b1f3ad85a4c1e44155f278369038206e504d3a36ec12470e9a9364117685f1d5a0b01f954a1bb7edb47ec34eda254e1c
  languageName: node
  linkType: hard
